
Microsoft Visual Studio Solution File, Format Version 12.00
Project("{FAE04EC0-301F-11D3-BF4B-00C04F79EFBC}") = "RiderTesting", "RiderTesting.csproj", "{FDB7F001-3A4B-44C7-BE1C-B4DF65122098}"
EndProject
Global
	GlobalSection(SolutionConfigurationPlatforms) = preSolution
		Debug|Any CPU = Debug|Any CPU
		Release|Any CPU = Release|Any CPU
	EndGlobalSection
	GlobalSection(ProjectConfigurationPlatforms) = postSolution
		{FDB7F001-3A4B-44C7-BE1C-B4DF65122098}.Debug|Any CPU.ActiveCfg = Debug|Any CPU
		{FDB7F001-3A4B-44C7-BE1C-B4DF65122098}.Debug|Any CPU.Build.0 = Debug|Any CPU
		{FDB7F001-3A4B-44C7-BE1C-B4DF65122098}.Release|Any CPU.ActiveCfg = Release|Any CPU
		{FDB7F001-3A4B-44C7-BE1C-B4DF65122098}.Release|Any CPU.Build.0 = Release|Any CPU
	EndGlobalSection
EndGlobal
